
Microsoft Visual Studio Solution File, Format Version 12.00
# Visual Studio Version 17
VisualStudioVersion = 17.14.36221.1 d17.14
MinimumVisualStudioVersion = 10.0.40219.1
Project("{FAE04EC0-301F-11D3-BF4B-00C04F79EFBC}") = "MovieCatalog", "MovieCatalog\MovieCatalog.csproj", "{79E243E4-DBC6-45EB-8D83-F0FA83B5A937}"
EndProject
Global
	GlobalSection(SolutionConfigurationPlatforms) = preSolution
		Debug|Any CPU = Debug|Any CPU
		Release|Any CPU = Release|Any CPU
	EndGlobalSection
	GlobalSection(ProjectConfigurationPlatforms) = postSolution
		{79E243E4-DBC6-45EB-8D83-F0FA83B5A937}.Debug|Any CPU.ActiveCfg = Debug|Any CPU
		{79E243E4-DBC6-45EB-8D83-F0FA83B5A937}.Debug|Any CPU.Build.0 = Debug|Any CPU
		{79E243E4-DBC6-45EB-8D83-F0FA83B5A937}.Release|Any CPU.ActiveCfg = Release|Any CPU
		{79E243E4-DBC6-45EB-8D83-F0FA83B5A937}.Release|Any CPU.Build.0 = Release|Any CPU
	EndGlobalSection
	GlobalSection(SolutionProperties) = preSolution
		HideSolutionNode = FALSE
	EndGlobalSection
	GlobalSection(ExtensibilityGlobals) = postSolution
		SolutionGuid = {6E040378-216E-4125-9C3B-23EC8E53A8AC}
	EndGlobalSection
EndGlobal
